
Microsoft Visual Studio Solution File, Format Version 12.00
# Visual Studio Version 17
VisualStudioVersion = 17.0.31903.59
MinimumVisualStudioVersion = 10.0.40219.1
Project("{9A19103F-16F7-4668-BE54-9A1E7A4F7556}") = "WeatherApi", "WeatherApi\WeatherApi.csproj", "{247B2317-5268-4F10-BD96-4EB5CA3764F8}"
EndProject
Project("{FAE04EC0-301F-11D3-BF4B-00C04F79EFBC}") = "WeatherApi.Tests", "WeatherApi.Tests\WeatherApi.Tests.csproj", "{666E07D8-5AD3-407B-B91E-F2847729F3AD}"
EndProject
Global
	GlobalSection(SolutionConfigurationPlatforms) = preSolution
		Debug|Any CPU = Debug|Any CPU
		Release|Any CPU = Release|Any CPU
	EndGlobalSection
	GlobalSection(ProjectConfigurationPlatforms) = postSolution
		{247B2317-5268-4F10-BD96-4EB5CA3764F8}.Debug|Any CPU.ActiveCfg = Debug|Any CPU
		{247B2317-5268-4F10-BD96-4EB5CA3764F8}.Debug|Any CPU.Build.0 = Debug|Any CPU
		{247B2317-5268-4F10-BD96-4EB5CA3764F8}.Release|Any CPU.ActiveCfg = Release|Any CPU
		{247B2317-5268-4F10-BD96-4EB5CA3764F8}.Release|Any CPU.Build.0 = Release|Any CPU
		{666E07D8-5AD3-407B-B91E-F2847729F3AD}.Debug|Any CPU.ActiveCfg = Debug|Any CPU
		{666E07D8-5AD3-407B-B91E-F2847729F3AD}.Debug|Any CPU.Build.0 = Debug|Any CPU
		{666E07D8-5AD3-407B-B91E-F2847729F3AD}.Release|Any CPU.ActiveCfg = Release|Any CPU
		{666E07D8-5AD3-407B-B91E-F2847729F3AD}.Release|Any CPU.Build.0 = Release|Any CPU
	EndGlobalSection
	GlobalSection(SolutionProperties) = preSolution
		HideSolutionNode = FALSE
	EndGlobalSection
EndGlobal
